Microsoft Visual Studio Solution File, Format Version 12.00
# Visual Studio Version 17
VisualStudioVersion = 17.5.2.0
MinimumVisualStudioVersion = 10.0.40219.1
Project("{2150E333-8FDC-42A3-9474-1A3956D46DE8}") = "CsharpProjects", "CsharpProjects", "{377645E0-7459-E4D6-7B01-C40A186E0CA7}"
EndProject
Project("{FAE04EC0-301F-11D3-BF4B-00C04F79EFBC}") = "DisplayEmail", "CsharpProjects\DisplayEmail\DisplayEmail.csproj", "{E3A75D4F-EF27-7954-1C46-190F08D3EC7B}"
EndProject
Global
	GlobalSection(SolutionConfigurationPlatforms) = preSolution
		Debug|Any CPU = Debug|Any CPU
		Release|Any CPU = Release|Any CPU
	EndGlobalSection
	GlobalSection(ProjectConfigurationPlatforms) = postSolution
		{E3A75D4F-EF27-7954-1C46-190F08D3EC7B}.Debug|Any CPU.ActiveCfg = Debug|Any CPU
		{E3A75D4F-EF27-7954-1C46-190F08D3EC7B}.Debug|Any CPU.Build.0 = Debug|Any CPU
		{E3A75D4F-EF27-7954-1C46-190F08D3EC7B}.Release|Any CPU.ActiveCfg = Release|Any CPU
		{E3A75D4F-EF27-7954-1C46-190F08D3EC7B}.Release|Any CPU.Build.0 = Release|Any CPU
	EndGlobalSection
	GlobalSection(SolutionProperties) = preSolution
		HideSolutionNode = FALSE
	EndGlobalSection
	GlobalSection(NestedProjects) = preSolution
		{E3A75D4F-EF27-7954-1C46-190F08D3EC7B} = {377645E0-7459-E4D6-7B01-C40A186E0CA7}
	EndGlobalSection
	GlobalSection(ExtensibilityGlobals) = postSolution
		SolutionGuid = {6D4A8FCC-5488-447A-AC6A-25A0F0384505}
	EndGlobalSection
EndGlobal
